
Microsoft Visual Studio Solution File, Format Version 12.00
Project("{2150E333-8FDC-42A3-9474-1A3956D46DE8}") = "src", "src", "{84E0C970-576C-4FB7-A64C-A15B8C4E6E49}"
EndProject
Project("{FAE04EC0-301F-11D3-BF4B-00C04F79EFBC}") = "Itis.Playhost.Api.PostgreSql", "Itis.Playhost.Api.PostgreSql\Itis.Playhost.Api.PostgreSql.csproj", "{D8CDBFF3-4DF8-4834-B600-344CC5210C1F}"
EndProject
Project("{FAE04EC0-301F-11D3-BF4B-00C04F79EFBC}") = "Itis.Playhost.Api.Web", "Itis.Playhost.Api.Web\Itis.Playhost.Api.Web.csproj", "{02DBA1CB-4F0A-42FE-8C54-A1C49498A059}"
EndProject
Project("{FAE04EC0-301F-11D3-BF4B-00C04F79EFBC}") = "Itis.Playhost.Api.Core", "Itis.Playhost.Api.Core\Itis.Playhost.Api.Core.csproj", "{72371AF4-6DF5-4B8C-83A7-7B03375A4D1A}"
EndProject
Project("{FAE04EC0-301F-11D3-BF4B-00C04F79EFBC}") = "Itis.Playhost.Api.Contracts", "Itis.Playhost.Api.Contracts\Itis.Playhost.Api.Contracts.csproj", "{08125317-E116-40A2-A58C-F352F6745EA5}"
EndProject
Global
	GlobalSection(SolutionConfigurationPlatforms) = preSolution
		Debug|Any CPU = Debug|Any CPU
		Release|Any CPU = Release|Any CPU
	EndGlobalSection
	GlobalSection(ProjectConfigurationPlatforms) = postSolution
		{D8CDBFF3-4DF8-4834-B600-344CC5210C1F}.Debug|Any CPU.ActiveCfg = Debug|Any CPU
		{D8CDBFF3-4DF8-4834-B600-344CC5210C1F}.Debug|Any CPU.Build.0 = Debug|Any CPU
		{D8CDBFF3-4DF8-4834-B600-344CC5210C1F}.Release|Any CPU.ActiveCfg = Release|Any CPU
		{D8CDBFF3-4DF8-4834-B600-344CC5210C1F}.Release|Any CPU.Build.0 = Release|Any CPU
		{02DBA1CB-4F0A-42FE-8C54-A1C49498A059}.Debug|Any CPU.ActiveCfg = Debug|Any CPU
		{02DBA1CB-4F0A-42FE-8C54-A1C49498A059}.Debug|Any CPU.Build.0 = Debug|Any CPU
		{02DBA1CB-4F0A-42FE-8C54-A1C49498A059}.Release|Any CPU.ActiveCfg = Release|Any CPU
		{02DBA1CB-4F0A-42FE-8C54-A1C49498A059}.Release|Any CPU.Build.0 = Release|Any CPU
		{72371AF4-6DF5-4B8C-83A7-7B03375A4D1A}.Debug|Any CPU.ActiveCfg = Debug|Any CPU
		{72371AF4-6DF5-4B8C-83A7-7B03375A4D1A}.Debug|Any CPU.Build.0 = Debug|Any CPU
		{72371AF4-6DF5-4B8C-83A7-7B03375A4D1A}.Release|Any CPU.ActiveCfg = Release|Any CPU
		{72371AF4-6DF5-4B8C-83A7-7B03375A4D1A}.Release|Any CPU.Build.0 = Release|Any CPU
		{08125317-E116-40A2-A58C-F352F6745EA5}.Debug|Any CPU.ActiveCfg = Debug|Any CPU
		{08125317-E116-40A2-A58C-F352F6745EA5}.Debug|Any CPU.Build.0 = Debug|Any CPU
		{08125317-E116-40A2-A58C-F352F6745EA5}.Release|Any CPU.ActiveCfg = Release|Any CPU
		{08125317-E116-40A2-A58C-F352F6745EA5}.Release|Any CPU.Build.0 = Release|Any CPU
	EndGlobalSection
	GlobalSection(NestedProjects) = preSolution
		{D8CDBFF3-4DF8-4834-B600-344CC5210C1F} = {84E0C970-576C-4FB7-A64C-A15B8C4E6E49}
		{02DBA1CB-4F0A-42FE-8C54-A1C49498A059} = {84E0C970-576C-4FB7-A64C-A15B8C4E6E49}
		{72371AF4-6DF5-4B8C-83A7-7B03375A4D1A} = {84E0C970-576C-4FB7-A64C-A15B8C4E6E49}
		{08125317-E116-40A2-A58C-F352F6745EA5} = {84E0C970-576C-4FB7-A64C-A15B8C4E6E49}
	EndGlobalSection
EndGlobal
